
Microsoft Visual Studio Solution File, Format Version 12.00
# Visual Studio Version 17
VisualStudioVersion = 17.1.32328.378
MinimumVisualStudioVersion = 10.0.40219.1
Project("{9A19103F-16F7-4668-BE54-9A1E7A4F7556}") = "Common", "Common\Common.csproj", "{E2188E84-BF07-4E6B-9C18-B8C56BE9D8C5}"
EndProject
Project("{9A19103F-16F7-4668-BE54-9A1E7A4F7556}") = "148 Sort List", "148 Sort List\148 Sort List.csproj", "{D4F35C01-91E5-4C6E-A424-E5A3A5997115}"
EndProject
Project("{9A19103F-16F7-4668-BE54-9A1E7A4F7556}") = "1 Two Sum", "1 Two Sum\1 Two Sum.csproj", "{BFFE6676-16CF-442D-9522-D0CB7B167B80}"
EndProject
Project("{9A19103F-16F7-4668-BE54-9A1E7A4F7556}") = "75 Sort Colors", "75 Sort Colors\75 Sort Colors.csproj", "{FB99D93B-263F-4E4D-9086-6EC0436DE87F}"
EndProject
Project("{9A19103F-16F7-4668-BE54-9A1E7A4F7556}") = "15 3Sum", "15 3Sum\15 3Sum.csproj", "{F79414C5-D583-4616-B2FA-4CAED0C133D6}"
EndProject
Project("{FAE04EC0-301F-11D3-BF4B-00C04F79EFBC}") = "95 Unique Binary Search Trees II", "95 Unique Binary Search Trees II\95 Unique Binary Search Trees II.csproj", "{5D1C6240-DCD5-42AE-AEE3-351A6E3210BD}"
EndProject
Project("{9A19103F-16F7-4668-BE54-9A1E7A4F7556}") = "94 Binary Tree Inorder Traversal", "94 Binary Tree Inorder Traversal\94 Binary Tree Inorder Traversal.csproj", "{1650E42E-E742-479B-8C9B-54D266E6CA75}"
EndProject
Project("{9A19103F-16F7-4668-BE54-9A1E7A4F7556}") = "1046 Last Stone Weight", "1046 Last Stone Weight\1046 Last Stone Weight.csproj", "{775BFA47-5CF0-441F-96A2-FED136F1152B}"
EndProject
Project("{9A19103F-16F7-4668-BE54-9A1E7A4F7556}") = "628 Maximum Product of Three Numbers", "628 Maximum Product of Three Numbers\628 Maximum Product of Three Numbers.csproj", "{BBE7B2A0-64BC-479E-BC5D-E06F192F21B6}"
EndProject
Project("{9A19103F-16F7-4668-BE54-9A1E7A4F7556}") = "152 Maximum Product Subarray", "152 Maximum Product Subarray\152 Maximum Product Subarray.csproj", "{06C87D11-8504-45E4-AA8C-228319D2A257}"
EndProject
Project("{FAE04EC0-301F-11D3-BF4B-00C04F79EFBC}") = "54 Spiral Matrix", "54 Spiral Matrix\54 Spiral Matrix.csproj", "{1D1E9590-DCF6-4937-A780-5378BBC4E973}"
EndProject
Project("{FAE04EC0-301F-11D3-BF4B-00C04F79EFBC}") = "59 Spiral Matrix II", "59 Spiral Matrix II\59 Spiral Matrix II.csproj", "{97E99F53-89C1-44AC-A74D-D37C871A3513}"
EndProject
Project("{FAE04EC0-301F-11D3-BF4B-00C04F79EFBC}") = "73 Set Matrix Zeroes", "73 Set Matrix Zeroes\73 Set Matrix Zeroes.csproj", "{4A2538E5-D223-41F0-BCFD-A10EEC6C4C01}"
EndProject
Global
	GlobalSection(SolutionConfigurationPlatforms) = preSolution
		Debug|Any CPU = Debug|Any CPU
		Release|Any CPU = Release|Any CPU
	EndGlobalSection
	GlobalSection(ProjectConfigurationPlatforms) = postSolution
		{E2188E84-BF07-4E6B-9C18-B8C56BE9D8C5}.Debug|Any CPU.ActiveCfg = Debug|Any CPU
		{E2188E84-BF07-4E6B-9C18-B8C56BE9D8C5}.Debug|Any CPU.Build.0 = Debug|Any CPU
		{E2188E84-BF07-4E6B-9C18-B8C56BE9D8C5}.Release|Any CPU.ActiveCfg = Release|Any CPU
		{E2188E84-BF07-4E6B-9C18-B8C56BE9D8C5}.Release|Any CPU.Build.0 = Release|Any CPU
		{D4F35C01-91E5-4C6E-A424-E5A3A5997115}.Debug|Any CPU.ActiveCfg = Debug|Any CPU
		{D4F35C01-91E5-4C6E-A424-E5A3A5997115}.Debug|Any CPU.Build.0 = Debug|Any CPU
		{D4F35C01-91E5-4C6E-A424-E5A3A5997115}.Release|Any CPU.ActiveCfg = Release|Any CPU
		{D4F35C01-91E5-4C6E-A424-E5A3A5997115}.Release|Any CPU.Build.0 = Release|Any CPU
		{BFFE6676-16CF-442D-9522-D0CB7B167B80}.Debug|Any CPU.ActiveCfg = Debug|Any CPU
		{BFFE6676-16CF-442D-9522-D0CB7B167B80}.Debug|Any CPU.Build.0 = Debug|Any CPU
		{BFFE6676-16CF-442D-9522-D0CB7B167B80}.Release|Any CPU.ActiveCfg = Release|Any CPU
		{BFFE6676-16CF-442D-9522-D0CB7B167B80}.Release|Any CPU.Build.0 = Release|Any CPU
		{FB99D93B-263F-4E4D-9086-6EC0436DE87F}.Debug|Any CPU.ActiveCfg = Debug|Any CPU
		{FB99D93B-263F-4E4D-9086-6EC0436DE87F}.Debug|Any CPU.Build.0 = Debug|Any CPU
		{FB99D93B-263F-4E4D-9086-6EC0436DE87F}.Release|Any CPU.ActiveCfg = Release|Any CPU
		{FB99D93B-263F-4E4D-9086-6EC0436DE87F}.Release|Any CPU.Build.0 = Release|Any CPU
		{F79414C5-D583-4616-B2FA-4CAED0C133D6}.Debug|Any CPU.ActiveCfg = Debug|Any CPU
		{F79414C5-D583-4616-B2FA-4CAED0C133D6}.Debug|Any CPU.Build.0 = Debug|Any CPU
		{F79414C5-D583-4616-B2FA-4CAED0C133D6}.Release|Any CPU.ActiveCfg = Release|Any CPU
		{F79414C5-D583-4616-B2FA-4CAED0C133D6}.Release|Any CPU.Build.0 = Release|Any CPU
		{5D1C6240-DCD5-42AE-AEE3-351A6E3210BD}.Debug|Any CPU.ActiveCfg = Debug|Any CPU
		{5D1C6240-DCD5-42AE-AEE3-351A6E3210BD}.Debug|Any CPU.Build.0 = Debug|Any CPU
		{5D1C6240-DCD5-42AE-AEE3-351A6E3210BD}.Release|Any CPU.ActiveCfg = Release|Any CPU
		{5D1C6240-DCD5-42AE-AEE3-351A6E3210BD}.Release|Any CPU.Build.0 = Release|Any CPU
		{1650E42E-E742-479B-8C9B-54D266E6CA75}.Debug|Any CPU.ActiveCfg = Debug|Any CPU
		{1650E42E-E742-479B-8C9B-54D266E6CA75}.Debug|Any CPU.Build.0 = Debug|Any CPU
		{1650E42E-E742-479B-8C9B-54D266E6CA75}.Release|Any CPU.ActiveCfg = Release|Any CPU
		{1650E42E-E742-479B-8C9B-54D266E6CA75}.Release|Any CPU.Build.0 = Release|Any CPU
		{775BFA47-5CF0-441F-96A2-FED136F1152B}.Debug|Any CPU.ActiveCfg = Debug|Any CPU
		{775BFA47-5CF0-441F-96A2-FED136F1152B}.Debug|Any CPU.Build.0 = Debug|Any CPU
		{775BFA47-5CF0-441F-96A2-FED136F1152B}.Release|Any CPU.ActiveCfg = Release|Any CPU
		{775BFA47-5CF0-441F-96A2-FED136F1152B}.Release|Any CPU.Build.0 = Release|Any CPU
		{BBE7B2A0-64BC-479E-BC5D-E06F192F21B6}.Debug|Any CPU.ActiveCfg = Debug|Any CPU
		{BBE7B2A0-64BC-479E-BC5D-E06F192F21B6}.Debug|Any CPU.Build.0 = Debug|Any CPU
		{BBE7B2A0-64BC-479E-BC5D-E06F192F21B6}.Release|Any CPU.ActiveCfg = Release|Any CPU
		{BBE7B2A0-64BC-479E-BC5D-E06F192F21B6}.Release|Any CPU.Build.0 = Release|Any CPU
		{06C87D11-8504-45E4-AA8C-228319D2A257}.Debug|Any CPU.ActiveCfg = Debug|Any CPU
		{06C87D11-8504-45E4-AA8C-228319D2A257}.Debug|Any CPU.Build.0 = Debug|Any CPU
		{06C87D11-8504-45E4-AA8C-228319D2A257}.Release|Any CPU.ActiveCfg = Release|Any CPU
		{06C87D11-8504-45E4-AA8C-228319D2A257}.Release|Any CPU.Build.0 = Release|Any CPU
		{1D1E9590-DCF6-4937-A780-5378BBC4E973}.Debug|Any CPU.ActiveCfg = Debug|Any CPU
		{1D1E9590-DCF6-4937-A780-5378BBC4E973}.Debug|Any CPU.Build.0 = Debug|Any CPU
		{1D1E9590-DCF6-4937-A780-5378BBC4E973}.Release|Any CPU.ActiveCfg = Release|Any CPU
		{1D1E9590-DCF6-4937-A780-5378BBC4E973}.Release|Any CPU.Build.0 = Release|Any CPU
		{97E99F53-89C1-44AC-A74D-D37C871A3513}.Debug|Any CPU.ActiveCfg = Debug|Any CPU
		{97E99F53-89C1-44AC-A74D-D37C871A3513}.Debug|Any CPU.Build.0 = Debug|Any CPU
		{97E99F53-89C1-44AC-A74D-D37C871A3513}.Release|Any CPU.ActiveCfg = Release|Any CPU
		{97E99F53-89C1-44AC-A74D-D37C871A3513}.Release|Any CPU.Build.0 = Release|Any CPU
		{4A2538E5-D223-41F0-BCFD-A10EEC6C4C01}.Debug|Any CPU.ActiveCfg = Debug|Any CPU
		{4A2538E5-D223-41F0-BCFD-A10EEC6C4C01}.Debug|Any CPU.Build.0 = Debug|Any CPU
		{4A2538E5-D223-41F0-BCFD-A10EEC6C4C01}.Release|Any CPU.ActiveCfg = Release|Any CPU
		{4A2538E5-D223-41F0-BCFD-A10EEC6C4C01}.Release|Any CPU.Build.0 = Release|Any CPU
	EndGlobalSection
	GlobalSection(SolutionProperties) = preSolution
		HideSolutionNode = FALSE
	EndGlobalSection
	GlobalSection(ExtensibilityGlobals) = postSolution
		SolutionGuid = {13933C98-D885-4D24-A569-C6405F904C53}
	EndGlobalSection
EndGlobal
